
Microsoft Visual Studio Solution File, Format Version 12.00
# Visual Studio Version 17
VisualStudioVersion = 17.14.36705.20 d17.14
MinimumVisualStudioVersion = 10.0.40219.1
Project("{FAE04EC0-301F-11D3-BF4B-00C04F79EFBC}") = "RazorPagesMovie", "RazorPagesMovie\RazorPagesMovie.csproj", "{ADC74A3E-16FF-46C4-9D29-9E2A91A72728}"
EndProject
Global
	GlobalSection(SolutionConfigurationPlatforms) = preSolution
		Debug|Any CPU = Debug|Any CPU
		Release|Any CPU = Release|Any CPU
	EndGlobalSection
	GlobalSection(ProjectConfigurationPlatforms) = postSolution
		{ADC74A3E-16FF-46C4-9D29-9E2A91A72728}.Debug|Any CPU.ActiveCfg = Debug|Any CPU
		{ADC74A3E-16FF-46C4-9D29-9E2A91A72728}.Debug|Any CPU.Build.0 = Debug|Any CPU
		{ADC74A3E-16FF-46C4-9D29-9E2A91A72728}.Release|Any CPU.ActiveCfg = Release|Any CPU
		{ADC74A3E-16FF-46C4-9D29-9E2A91A72728}.Release|Any CPU.Build.0 = Release|Any CPU
	EndGlobalSection
	GlobalSection(SolutionProperties) = preSolution
		HideSolutionNode = FALSE
	EndGlobalSection
	GlobalSection(ExtensibilityGlobals) = postSolution
		SolutionGuid = {92402EC6-8AA0-4A4E-B039-E9026198C3DD}
	EndGlobalSection
EndGlobal
